// !$*UTF8*$!
{
	archiveVersion = 1;
	classes = {
	};
	objectVersion = 46;
	objects = {

/* Begin PBXBuildFile section */
		9F00DEB31B8B465F00E1DD9A /* grayGradient.png in Resources */ = {isa = PBXBuildFile; fileRef = 9F00DEB21B8B465F00E1DD9A /* grayGradient.png */; };
		9F2C50021B84D87600E6CEA9 /* Location.m in Sources */ = {isa = PBXBuildFile; fileRef = 9F2C50011B84D87600E6CEA9 /* Location.m */; };
		9F30C7D51B8B862500CC1E20 /* legalNoticeViewController.m in Sources */ = {isa = PBXBuildFile; fileRef = 9F30C7D41B8B862500CC1E20 /* legalNoticeViewController.m */; };
		9F5F7BD81B8207C100691338 /* main.m in Sources */ = {isa = PBXBuildFile; fileRef = 9F5F7BD71B8207C100691338 /* main.m */; };
		9F5F7BDB1B8207C100691338 /* AppDelegate.m in Sources */ = {isa = PBXBuildFile; fileRef = 9F5F7BDA1B8207C100691338 /* AppDelegate.m */; };
		9F5F7BDE1B8207C100691338 /* Contractor_Co_pilot.xcdatamodeld in Sources */ = {isa = PBXBuildFile; fileRef = 9F5F7BDC1B8207C100691338 /* Contractor_Co_pilot.xcdatamodeld */; };
		9F5F7BE11B8207C100691338 /* locationViewController.m in Sources */ = {isa = PBXBuildFile; fileRef = 9F5F7BE01B8207C100691338 /* locationViewController.m */; };
		9F5F7BE41B8207C100691338 /* Main.storyboard in Resources */ = {isa = PBXBuildFile; fileRef = 9F5F7BE21B8207C100691338 /* Main.storyboard */; };
		9F5F7BE61B8207C100691338 /* Images.xcassets in Resources */ = {isa = PBXBuildFile; fileRef = 9F5F7BE51B8207C100691338 /* Images.xcassets */; };
		9F5F7BE91B8207C100691338 /* LaunchScreen.xib in Resources */ = {isa = PBXBuildFile; fileRef = 9F5F7BE71B8207C100691338 /* LaunchScreen.xib */; };
		9F5F7BF51B8207C100691338 /* Contractor_Co_pilotTests.m in Sources */ = {isa = PBXBuildFile; fileRef = 9F5F7BF41B8207C100691338 /* Contractor_Co_pilotTests.m */; };
		9F5F7C021B820BB200691338 /* myLocation.m in Sources */ = {isa = PBXBuildFile; fileRef = 9F5F7C011B820BB200691338 /* myLocation.m */; };
		9F5F7C0A1B820FC600691338 /* MBProgressHUD.m in Sources */ = {isa = PBXBuildFile; fileRef = 9F5F7C091B820FC600691338 /* MBProgressHUD.m */; };
		9F5F7C0E1B82109F00691338 /* vendorLocation.m in Sources */ = {isa = PBXBuildFile; fileRef = 9F5F7C0D1B82109F00691338 /* vendorLocation.m */; };
		9F5F7C111B82175000691338 /* locationListTableViewController.m in Sources */ = {isa = PBXBuildFile; fileRef = 9F5F7C101B82175000691338 /* locationListTableViewController.m */; };
		9F5F7C171B82178600691338 /* locationDetailViewController.m in Sources */ = {isa = PBXBuildFile; fileRef = 9F5F7C161B82178600691338 /* locationDetailViewController.m */; };
		9F5F7C1A1B8233AA00691338 /* MapViewController.m in Sources */ = {isa = PBXBuildFile; fileRef = 9F5F7C191B8233AA00691338 /* MapViewController.m */; };
		9F5F7C1C1B8252EC00691338 /* CoreLocation.framework in Frameworks */ = {isa = PBXBuildFile; fileRef = 9F5F7C1B1B8252EC00691338 /* CoreLocation.framework */; };
		9F8C2DC41B8DE383006116A6 /* NuTechLogoClear.png in Resources */ = {isa = PBXBuildFile; fileRef = 9F8C2DC31B8DE383006116A6 /* NuTechLogoClear.png */; };
		9F9496581B83B8FE00F374D5 /* Vendor.m in Sources */ = {isa = PBXBuildFile; fileRef = 9F9496571B83B8FE00F374D5 /* Vendor.m */; };
		9F94965B1B83CCE900F374D5 /* vendorTypeViewController.m in Sources */ = {isa = PBXBuildFile; fileRef = 9F94965A1B83CCE900F374D5 /* vendorTypeViewController.m */; };
		9F95418C1B8FAE7400E36F31 /* redCar.png in Resources */ = {isa = PBXBuildFile; fileRef = 9F95418B1B8FAE7400E36F31 /* redCar.png */; };
		9F9B76F11B861D6A005AE129 /* redGradient.png in Resources */ = {isa = PBXBuildFile; fileRef = 9F9B76F01B861D6A005AE129 /* redGradient.png */; };
		9FAFB3261B86C1FE00C6BA00 /* changeLocationViewController.m in Sources */ = {isa = PBXBuildFile; fileRef = 9FAFB3251B86C1FE00C6BA00 /* changeLocationViewController.m */; };
		9FE579751B85228300440C78 /* navigate48.png in Resources */ = {isa = PBXBuildFile; fileRef = 9FE579741B85228300440C78 /* navigate48.png */; };
		9FE7F5151B8B75D60045E89E /* PoweredByYellowAPI.png in Resources */ = {isa = PBXBuildFile; fileRef = 9FE7F5141B8B75D60045E89E /* PoweredByYellowAPI.png */; };
/* End PBXBuildFile section */

/* Begin PBXContainerItemProxy section */
		9F5F7BEF1B8207C100691338 /* PBXContainerItemProxy */ = {
			isa = PBXContainerItemProxy;
			containerPortal = 9F5F7BCA1B8207C100691338 /* Project object */;
			proxyType = 1;
			remoteGlobalIDString = 9F5F7BD11B8207C100691338;
			remoteInfo = "Contractor Co-pilot";
		};
/* End PBXContainerItemProxy section */

/* Begin PBXFileReference section */
		9F00DEB21B8B465F00E1DD9A /* grayGradient.png */ = {isa = PBXFileReference; lastKnownFileType = image.png; path = grayGradient.png; sourceTree = "<group>"; };
		9F2C50001B84D87600E6CEA9 /* Location.h */ = {isa = PBXFileReference; fileEncoding = 4; lastKnownFileType = sourcecode.c.h; path = Location.h; sourceTree = "<group>"; };
		9F2C50011B84D87600E6CEA9 /* Location.m */ = {isa = PBXFileReference; fileEncoding = 4; lastKnownFileType = sourcecode.c.objc; path = Location.m; sourceTree = "<group>"; };
		9F30C7D31B8B862500CC1E20 /* legalNoticeViewController.h */ = {isa = PBXFileReference; fileEncoding = 4; lastKnownFileType = sourcecode.c.h; path = legalNoticeViewController.h; sourceTree = "<group>"; };
		9F30C7D41B8B862500CC1E20 /* legalNoticeViewController.m */ = {isa = PBXFileReference; fileEncoding = 4; lastKnownFileType = sourcecode.c.objc; path = legalNoticeViewController.m; sourceTree = "<group>"; };
		9F5F7BD21B8207C100691338 /* Contractor Co-pilot.app */ = {isa = PBXFileReference; explicitFileType = wrapper.application; includeInIndex = 0; path = "Contractor Co-pilot.app"; sourceTree = BUILT_PRODUCTS_DIR; };
		9F5F7BD61B8207C100691338 /* Info.plist */ = {isa = PBXFileReference; lastKnownFileType = text.plist.xml; path = Info.plist; sourceTree = "<group>"; };
		9F5F7BD71B8207C100691338 /* main.m */ = {isa = PBXFileReference; lastKnownFileType = sourcecode.c.objc; path = main.m; sourceTree = "<group>"; };
		9F5F7BD91B8207C100691338 /* AppDelegate.h */ = {isa = PBXFileReference; lastKnownFileType = sourcecode.c.h; path = AppDelegate.h; sourceTree = "<group>"; };
		9F5F7BDA1B8207C100691338 /* AppDelegate.m */ = {isa = PBXFileReference; lastKnownFileType = sourcecode.c.objc; path = AppDelegate.m; sourceTree = "<group>"; };
		9F5F7BDD1B8207C100691338 /* Contractor_Co_pilot.xcdatamodel */ = {isa = PBXFileReference; lastKnownFileType = wrapper.xcdatamodel; path = Contractor_Co_pilot.xcdatamodel; sourceTree = "<group>"; };
		9F5F7BDF1B8207C100691338 /* locationViewController.h */ = {isa = PBXFileReference; lastKnownFileType = sourcecode.c.h; path = locationViewController.h; sourceTree = "<group>"; };
		9F5F7BE01B8207C100691338 /* locationViewController.m */ = {isa = PBXFileReference; lastKnownFileType = sourcecode.c.objc; path = locationViewController.m; sourceTree = "<group>"; };
		9F5F7BE31B8207C100691338 /* Base */ = {isa = PBXFileReference; lastKnownFileType = file.storyboard; name = Base; path = Base.lproj/Main.storyboard; sourceTree = "<group>"; };
		9F5F7BE51B8207C100691338 /* Images.xcassets */ = {isa = PBXFileReference; lastKnownFileType = folder.assetcatalog; path = Images.xcassets; sourceTree = "<group>"; };
		9F5F7BE81B8207C100691338 /* Base */ = {isa = PBXFileReference; lastKnownFileType = file.xib; name = Base; path = Base.lproj/LaunchScreen.xib; sourceTree = "<group>"; };
		9F5F7BEE1B8207C100691338 /* Contractor Co-pilotTests.xctest */ = {isa = PBXFileReference; explicitFileType = wrapper.cfbundle; includeInIndex = 0; path = "Contractor Co-pilotTests.xctest"; sourceTree = BUILT_PRODUCTS_DIR; };
		9F5F7BF31B8207C100691338 /* Info.plist */ = {isa = PBXFileReference; lastKnownFileType = text.plist.xml; path = Info.plist; sourceTree = "<group>"; };
		9F5F7BF41B8207C100691338 /* Contractor_Co_pilotTests.m */ = {isa = PBXFileReference; lastKnownFileType = sourcecode.c.objc; path = Contractor_Co_pilotTests.m; sourceTree = "<group>"; };
		9F5F7C001B820BB200691338 /* myLocation.h */ = {isa = PBXFileReference; fileEncoding = 4; lastKnownFileType = sourcecode.c.h; path = myLocation.h; sourceTree = "<group>"; };
		9F5F7C011B820BB200691338 /* myLocation.m */ = {isa = PBXFileReference; fileEncoding = 4; lastKnownFileType = sourcecode.c.objc; path = myLocation.m; sourceTree = "<group>"; };
		9F5F7C081B820FC600691338 /* MBProgressHUD.h */ = {isa = PBXFileReference; fileEncoding = 4; lastKnownFileType = sourcecode.c.h; path = MBProgressHUD.h; sourceTree = "<group>"; };
		9F5F7C091B820FC600691338 /* MBProgressHUD.m */ = {isa = PBXFileReference; fileEncoding = 4; lastKnownFileType = sourcecode.c.objc; path = MBProgressHUD.m; sourceTree = "<group>"; };
		9F5F7C0C1B82109F00691338 /* vendorLocation.h */ = {isa = PBXFileReference; fileEncoding = 4; lastKnownFileType = sourcecode.c.h; path = vendorLocation.h; sourceTree = "<group>"; };
		9F5F7C0D1B82109F00691338 /* vendorLocation.m */ = {isa = PBXFileReference; fileEncoding = 4; lastKnownFileType = sourcecode.c.objc; path = vendorLocation.m; sourceTree = "<group>"; };
		9F5F7C0F1B82175000691338 /* locationListTableViewController.h */ = {isa = PBXFileReference; fileEncoding = 4; lastKnownFileType = sourcecode.c.h; path = locationListTableViewController.h; sourceTree = "<group>"; };
		9F5F7C101B82175000691338 /* locationListTableViewController.m */ = {isa = PBXFileReference; fileEncoding = 4; lastKnownFileType = sourcecode.c.objc; path = locationListTableViewController.m; sourceTree = "<group>"; };
		9F5F7C121B82177400691338 /* changeLocationViewController.h */ = {isa = PBXFileReference; fileEncoding = 4; lastKnownFileType = sourcecode.c.h; path = changeLocationViewController.h; sourceTree = "<group>"; };
		9F5F7C151B82178600691338 /* locationDetailViewController.h */ = {isa = PBXFileReference; fileEncoding = 4; lastKnownFileType = sourcecode.c.h; path = locationDetailViewController.h; sourceTree = "<group>"; };
		9F5F7C161B82178600691338 /* locationDetailViewController.m */ = {isa = PBXFileReference; fileEncoding = 4; lastKnownFileType = sourcecode.c.objc; path = locationDetailViewController.m; sourceTree = "<group>"; };
		9F5F7C181B8233AA00691338 /* MapViewController.h */ = {isa = PBXFileReference; fileEncoding = 4; lastKnownFileType = sourcecode.c.h; path = MapViewController.h; sourceTree = "<group>"; };
		9F5F7C191B8233AA00691338 /* MapViewController.m */ = {isa = PBXFileReference; fileEncoding = 4; lastKnownFileType = sourcecode.c.objc; path = MapViewController.m; sourceTree = "<group>"; };
		9F5F7C1B1B8252EC00691338 /* CoreLocation.framework */ = {isa = PBXFileReference; lastKnownFileType = wrapper.framework; name = CoreLocation.framework; path = System/Library/Frameworks/CoreLocation.framework; sourceTree = SDKROOT; };
		9F8C2DC31B8DE383006116A6 /* NuTechLogoClear.png */ = {isa = PBXFileReference; lastKnownFileType = image.png; path = NuTechLogoClear.png; sourceTree = "<group>"; };
		9F9496561B83B8FE00F374D5 /* Vendor.h */ = {isa = PBXFileReference; fileEncoding = 4; lastKnownFileType = sourcecode.c.h; path = Vendor.h; sourceTree = "<group>"; };
		9F9496571B83B8FE00F374D5 /* Vendor.m */ = {isa = PBXFileReference; fileEncoding = 4; lastKnownFileType = sourcecode.c.objc; path = Vendor.m; sourceTree = "<group>"; };
		9F9496591B83CCE900F374D5 /* vendorTypeViewController.h */ = {isa = PBXFileReference; fileEncoding = 4; lastKnownFileType = sourcecode.c.h; path = vendorTypeViewController.h; sourceTree = "<group>"; };
		9F94965A1B83CCE900F374D5 /* vendorTypeViewController.m */ = {isa = PBXFileReference; fileEncoding = 4; lastKnownFileType = sourcecode.c.objc; path = vendorTypeViewController.m; sourceTree = "<group>"; };
		9F95418B1B8FAE7400E36F31 /* redCar.png */ = {isa = PBXFileReference; lastKnownFileType = image.png; path = redCar.png; sourceTree = "<group>"; };
		9F9B76F01B861D6A005AE129 /* redGradient.png */ = {isa = PBXFileReference; lastKnownFileType = image.png; path = redGradient.png; sourceTree = "<group>"; };
		9FAFB3251B86C1FE00C6BA00 /* changeLocationViewController.m */ = {isa = PBXFileReference; fileEncoding = 4; lastKnownFileType = sourcecode.c.objc; path = changeLocationViewController.m; sourceTree = "<group>"; };
		9FE579741B85228300440C78 /* navigate48.png */ = {isa = PBXFileReference; lastKnownFileType = image.png; path = navigate48.png; sourceTree = "<group>"; };
		9FE7F5141B8B75D60045E89E /* PoweredByYellowAPI.png */ = {isa = PBXFileReference; lastKnownFileType = image.png; path = PoweredByYellowAPI.png; sourceTree = "<group>"; };
/* End PBXFileReference section */

/* Begin PBXFrameworksBuildPhase section */
		9F5F7BCF1B8207C100691338 /* Frameworks */ = {
			isa = PBXFrameworksBuildPhase;
			buildActionMask = 2147483647;
			files = (
				9F5F7C1C1B8252EC00691338 /* CoreLocation.framework in Frameworks */,
			);
			runOnlyForDeploymentPostprocessing = 0;
		};
		9F5F7BEB1B8207C100691338 /* Frameworks */ = {
			isa = PBXFrameworksBuildPhase;
			buildActionMask = 2147483647;
			files = (
			);
			runOnlyForDeploymentPostprocessing = 0;
		};
/* End PBXFrameworksBuildPhase section */

/* Begin PBXGroup section */
		9F5F7BC91B8207C100691338 = {
			isa = PBXGroup;
			children = (
				9F5F7C1B1B8252EC00691338 /* CoreLocation.framework */,
				9F5F7BD41B8207C100691338 /* Contractor Co-pilot */,
				9F5F7BF11B8207C100691338 /* Contractor Co-pilotTests */,
				9F5F7BD31B8207C100691338 /* Products */,
			);
			sourceTree = "<group>";
		};
		9F5F7BD31B8207C100691338 /* Products */ = {
			isa = PBXGroup;
			children = (
				9F5F7BD21B8207C100691338 /* Contractor Co-pilot.app */,
				9F5F7BEE1B8207C100691338 /* Contractor Co-pilotTests.xctest */,
			);
			name = Products;
			sourceTree = "<group>";
		};
		9F5F7BD41B8207C100691338 /* Contractor Co-pilot */ = {
			isa = PBXGroup;
			children = (
				9F5F7BFF1B820B9600691338 /* Delgate Files */,
				9F5F7C0B1B820FCD00691338 /* Progress HUD files */,
				9F5F7C051B820EFC00691338 /* Object Files */,
				9F5F7BFE1B820B8D00691338 /* View Controllers */,
				9F5F7BE21B8207C100691338 /* Main.storyboard */,
				9F5F7BE51B8207C100691338 /* Images.xcassets */,
				9F5F7BE71B8207C100691338 /* LaunchScreen.xib */,
				9F5F7BDC1B8207C100691338 /* Contractor_Co_pilot.xcdatamodeld */,
				9F5F7BD51B8207C100691338 /* Supporting Files */,
			);
			path = "Contractor Co-pilot";
			sourceTree = "<group>";
		};
		9F5F7BD51B8207C100691338 /* Supporting Files */ = {
			isa = PBXGroup;
			children = (
				9F9B76ED1B86170B005AE129 /* images */,
				9F5F7BD61B8207C100691338 /* Info.plist */,
				9F5F7BD71B8207C100691338 /* main.m */,
			);
			name = "Supporting Files";
			sourceTree = "<group>";
		};
		9F5F7BF11B8207C100691338 /* Contractor Co-pilotTests */ = {
			isa = PBXGroup;
			children = (
				9F5F7BF41B8207C100691338 /* Contractor_Co_pilotTests.m */,
				9F5F7BF21B8207C100691338 /* Supporting Files */,
			);
			path = "Contractor Co-pilotTests";
			sourceTree = "<group>";
		};
		9F5F7BF21B8207C100691338 /* Supporting Files */ = {
			isa = PBXGroup;
			children = (
				9F5F7BF31B8207C100691338 /* Info.plist */,
			);
			name = "Supporting Files";
			sourceTree = "<group>";
		};
		9F5F7BFE1B820B8D00691338 /* View Controllers */ = {
			isa = PBXGroup;
			children = (
				9F5F7BDF1B8207C100691338 /* locationViewController.h */,
				9F5F7BE01B8207C100691338 /* locationViewController.m */,
				9F30C7D31B8B862500CC1E20 /* legalNoticeViewController.h */,
				9F30C7D41B8B862500CC1E20 /* legalNoticeViewController.m */,
				9F5F7C121B82177400691338 /* changeLocationViewController.h */,
				9FAFB3251B86C1FE00C6BA00 /* changeLocationViewController.m */,
				9F9496591B83CCE900F374D5 /* vendorTypeViewController.h */,
				9F94965A1B83CCE900F374D5 /* vendorTypeViewController.m */,
				9F5F7C0F1B82175000691338 /* locationListTableViewController.h */,
				9F5F7C101B82175000691338 /* locationListTableViewController.m */,
				9F5F7C151B82178600691338 /* locationDetailViewController.h */,
				9F5F7C161B82178600691338 /* locationDetailViewController.m */,
				9F5F7C181B8233AA00691338 /* MapViewController.h */,
				9F5F7C191B8233AA00691338 /* MapViewController.m */,
			);
			name = "View Controllers";
			sourceTree = "<group>";
		};
		9F5F7BFF1B820B9600691338 /* Delgate Files */ = {
			isa = PBXGroup;
			children = (
				9F5F7BD91B8207C100691338 /* AppDelegate.h */,
				9F5F7BDA1B8207C100691338 /* AppDelegate.m */,
			);
			name = "Delgate Files";
			sourceTree = "<group>";
		};
		9F5F7C051B820EFC00691338 /* Object Files */ = {
			isa = PBXGroup;
			children = (
				9F5F7C001B820BB200691338 /* myLocation.h */,
				9F5F7C011B820BB200691338 /* myLocation.m */,
				9F5F7C0C1B82109F00691338 /* vendorLocation.h */,
				9F5F7C0D1B82109F00691338 /* vendorLocation.m */,
				9F9496561B83B8FE00F374D5 /* Vendor.h */,
				9F9496571B83B8FE00F374D5 /* Vendor.m */,
				9F2C50001B84D87600E6CEA9 /* Location.h */,
				9F2C50011B84D87600E6CEA9 /* Location.m */,
			);
			name = "Object Files";
			sourceTree = "<group>";
		};
		9F5F7C0B1B820FCD00691338 /* Progress HUD files */ = {
			isa = PBXGroup;
			children = (
				9F5F7C081B820FC600691338 /* MBProgressHUD.h */,
				9F5F7C091B820FC600691338 /* MBProgressHUD.m */,
			);
			name = "Progress HUD files";
			sourceTree = "<group>";
		};
		9F9B76ED1B86170B005AE129 /* images */ = {
			isa = PBXGroup;
			children = (
				9F95418B1B8FAE7400E36F31 /* redCar.png */,
				9F8C2DC31B8DE383006116A6 /* NuTechLogoClear.png */,
				9FE7F5141B8B75D60045E89E /* PoweredByYellowAPI.png */,
				9F00DEB21B8B465F00E1DD9A /* grayGradient.png */,
				9F9B76F01B861D6A005AE129 /* redGradient.png */,
				9FE579741B85228300440C78 /* navigate48.png */,
			);
			name = images;
			sourceTree = "<group>";
		};
/* End PBXGroup section */

/* Begin PBXNativeTarget section */
		9F5F7BD11B8207C100691338 /* Contractor Co-pilot */ = {
			isa = PBXNativeTarget;
			buildConfigurationList = 9F5F7BF81B8207C100691338 /* Build configuration list for PBXNativeTarget "Contractor Co-pilot" */;
			buildPhases = (
				9F5F7BCE1B8207C100691338 /* Sources */,
				9F5F7BCF1B8207C100691338 /* Frameworks */,
				9F5F7BD01B8207C100691338 /* Resources */,
			);
			buildRules = (
			);
			dependencies = (
			);
			name = "Contractor Co-pilot";
			productName = "Contractor Co-pilot";
			productReference = 9F5F7BD21B8207C100691338 /* Contractor Co-pilot.app */;
			productType = "com.apple.product-type.application";
		};
		9F5F7BED1B8207C100691338 /* Contractor Co-pilotTests */ = {
			isa = PBXNativeTarget;
			buildConfigurationList = 9F5F7BFB1B8207C100691338 /* Build configuration list for PBXNativeTarget "Contractor Co-pilotTests" */;
			buildPhases = (
				9F5F7BEA1B8207C100691338 /* Sources */,
				9F5F7BEB1B8207C100691338 /* Frameworks */,
				9F5F7BEC1B8207C100691338 /* Resources */,
			);
			buildRules = (
			);
			dependencies = (
				9F5F7BF01B8207C100691338 /* PBXTargetDependency */,
			);
			name = "Contractor Co-pilotTests";
			productName = "Contractor Co-pilotTests";
			productReference = 9F5F7BEE1B8207C100691338 /* Contractor Co-pilotTests.xctest */;
			productType = "com.apple.product-type.bundle.unit-test";
		};
/* End PBXNativeTarget section */

/* Begin PBXProject section */
		9F5F7BCA1B8207C100691338 /* Project object */ = {
			isa = PBXProject;
			attributes = {
				LastUpgradeCheck = 0640;
				ORGANIZATIONNAME = "Jon Smith";
				TargetAttributes = {
					9F5F7BD11B8207C100691338 = {
						CreatedOnToolsVersion = 6.4;
					};
					9F5F7BED1B8207C100691338 = {
						CreatedOnToolsVersion = 6.4;
						TestTargetID = 9F5F7BD11B8207C100691338;
					};
				};
			};
			buildConfigurationList = 9F5F7BCD1B8207C100691338 /* Build configuration list for PBXProject "Contractor Co-pilot" */;
			compatibilityVersion = "Xcode 3.2";
			developmentRegion = English;
			hasScannedForEncodings = 0;
			knownRegions = (
				en,
				Base,
			);
			mainGroup = 9F5F7BC91B8207C100691338;
			productRefGroup = 9F5F7BD31B8207C100691338 /* Products */;
			projectDirPath = "";
			projectRoot = "";
			targets = (
				9F5F7BD11B8207C100691338 /* Contractor Co-pilot */,
				9F5F7BED1B8207C100691338 /* Contractor Co-pilotTests */,
			);
		};
/* End PBXProject section */

/* Begin PBXResourcesBuildPhase section */
		9F5F7BD01B8207C100691338 /* Resources */ = {
			isa = PBXResourcesBuildPhase;
			buildActionMask = 2147483647;
			files = (
				9FE579751B85228300440C78 /* navigate48.png in Resources */,
				9F9B76F11B861D6A005AE129 /* redGradient.png in Resources */,
				9FE7F5151B8B75D60045E89E /* PoweredByYellowAPI.png in Resources */,
				9F5F7BE41B8207C100691338 /* Main.storyboard in Resources */,
				9F00DEB31B8B465F00E1DD9A /* grayGradient.png in Resources */,
				9F8C2DC41B8DE383006116A6 /* NuTechLogoClear.png in Resources */,
				9F95418C1B8FAE7400E36F31 /* redCar.png in Resources */,
				9F5F7BE91B8207C100691338 /* LaunchScreen.xib in Resources */,
				9F5F7BE61B8207C100691338 /* Images.xcassets in Resources */,
			);
			runOnlyForDeploymentPostprocessing = 0;
		};
		9F5F7BEC1B8207C100691338 /* Resources */ = {
			isa = PBXResourcesBuildPhase;
			buildActionMask = 2147483647;
			files = (
			);
			runOnlyForDeploymentPostprocessing = 0;
		};
/* End PBXResourcesBuildPhase section */

/* Begin PBXSourcesBuildPhase section */
		9F5F7BCE1B8207C100691338 /* Sources */ = {
			isa = PBXSourcesBuildPhase;
			buildActionMask = 2147483647;
			files = (
				9F5F7C111B82175000691338 /* locationListTableViewController.m in Sources */,
				9F9496581B83B8FE00F374D5 /* Vendor.m in Sources */,
				9F30C7D51B8B862500CC1E20 /* legalNoticeViewController.m in Sources */,
				9F5F7BDE1B8207C100691338 /* Contractor_Co_pilot.xcdatamodeld in Sources */,
				9F5F7C171B82178600691338 /* locationDetailViewController.m in Sources */,
				9F94965B1B83CCE900F374D5 /* vendorTypeViewController.m in Sources */,
				9FAFB3261B86C1FE00C6BA00 /* changeLocationViewController.m in Sources */,
				9F5F7C0E1B82109F00691338 /* vendorLocation.m in Sources */,
				9F5F7C0A1B820FC600691338 /* MBProgressHUD.m in Sources */,
				9F5F7C021B820BB200691338 /* myLocation.m in Sources */,
				9F2C50021B84D87600E6CEA9 /* Location.m in Sources */,
				9F5F7BDB1B8207C100691338 /* AppDelegate.m in Sources */,
				9F5F7BE11B8207C100691338 /* locationViewController.m in Sources */,
				9F5F7BD81B8207C100691338 /* main.m in Sources */,
				9F5F7C1A1B8233AA00691338 /* MapViewController.m in Sources */,
			);
			runOnlyForDeploymentPostprocessing = 0;
		};
		9F5F7BEA1B8207C100691338 /* Sources */ = {
			isa = PBXSourcesBuildPhase;
			buildActionMask = 2147483647;
			files = (
				9F5F7BF51B8207C100691338 /* Contractor_Co_pilotTests.m in Sources */,
			);
			runOnlyForDeploymentPostprocessing = 0;
		};
/* End PBXSourcesBuildPhase section */

/* Begin PBXTargetDependency section */
		9F5F7BF01B8207C100691338 /* PBXTargetDependency */ = {
			isa = PBXTargetDependency;
			target = 9F5F7BD11B8207C100691338 /* Contractor Co-pilot */;
			targetProxy = 9F5F7BEF1B8207C100691338 /* PBXContainerItemProxy */;
		};
/* End PBXTargetDependency section */

/* Begin PBXVariantGroup section */
		9F5F7BE21B8207C100691338 /* Main.storyboard */ = {
			isa = PBXVariantGroup;
			children = (
				9F5F7BE31B8207C100691338 /* Base */,
			);
			name = Main.storyboard;
			sourceTree = "<group>";
		};
		9F5F7BE71B8207C100691338 /* LaunchScreen.xib */ = {
			isa = PBXVariantGroup;
			children = (
				9F5F7BE81B8207C100691338 /* Base */,
			);
			name = LaunchScreen.xib;
			sourceTree = "<group>";
		};
/* End PBXVariantGroup section */

/* Begin XCBuildConfiguration section */
		9F5F7BF61B8207C100691338 /* Debug */ = {
			isa = XCBuildConfiguration;
			buildSettings = {
				ALWAYS_SEARCH_USER_PATHS = NO;
				CLANG_CXX_LANGUAGE_STANDARD = "gnu++0x";
				CLANG_CXX_LIBRARY = "libc++";
				CLANG_ENABLE_MODULES = YES;
				CLANG_ENABLE_OBJC_ARC = YES;
				CLANG_WARN_BOOL_CONVERSION = YES;
				CLANG_WARN_CONSTANT_CONVERSION = YES;
				CLANG_WARN_DIRECT_OBJC_ISA_USAGE = YES_ERROR;
				CLANG_WARN_EMPTY_BODY = YES;
				CLANG_WARN_ENUM_CONVERSION = YES;
				CLANG_WARN_INT_CONVERSION = YES;
				CLANG_WARN_OBJC_ROOT_CLASS = YES_ERROR;
				CLANG_WARN_UNREACHABLE_CODE = YES;
				CLANG_WARN__DUPLICATE_METHOD_MATCH = YES;
				"CODE_SIGN_IDENTITY[sdk=iphoneos*]" = "iPhone Developer";
				COPY_PHASE_STRIP = NO;
				DEBUG_INFORMATION_FORMAT = "dwarf-with-dsym";
				ENABLE_STRICT_OBJC_MSGSEND = YES;
				GCC_C_LANGUAGE_STANDARD = gnu99;
				GCC_DYNAMIC_NO_PIC = NO;
				GCC_NO_COMMON_BLOCKS = YES;
				GCC_OPTIMIZATION_LEVEL = 0;
				GCC_PREPROCESSOR_DEFINITIONS = (
					"DEBUG=1",
					"$(inherited)",
				);
				GCC_SYMBOLS_PRIVATE_EXTERN = NO;
				GCC_WARN_64_TO_32_BIT_CONVERSION = YES;
				GCC_WARN_ABOUT_RETURN_TYPE = YES_ERROR;
				GCC_WARN_UNDECLARED_SELECTOR = YES;
				GCC_WARN_UNINITIALIZED_AUTOS = YES_AGGRESSIVE;
				GCC_WARN_UNUSED_FUNCTION = YES;
				GCC_WARN_UNUSED_VARIABLE = YES;
				IPHONEOS_DEPLOYMENT_TARGET = 8.4;
				MTL_ENABLE_DEBUG_INFO = YES;
				ONLY_ACTIVE_ARCH = YES;
				SDKROOT = iphoneos;
				TARGETED_DEVICE_FAMILY = "1,2";
			};
			name = Debug;
		};
		9F5F7BF71B8207C100691338 /* Release */ = {
			isa = XCBuildConfiguration;
			buildSettings = {
				ALWAYS_SEARCH_USER_PATHS = NO;
				CLANG_CXX_LANGUAGE_STANDARD = "gnu++0x";
				CLANG_CXX_LIBRARY = "libc++";
				CLANG_ENABLE_MODULES = YES;
				CLANG_ENABLE_OBJC_ARC = YES;
				CLANG_WARN_BOOL_CONVERSION = YES;
				CLANG_WARN_CONSTANT_CONVERSION = YES;
				CLANG_WARN_DIRECT_OBJC_ISA_USAGE = YES_ERROR;
				CLANG_WARN_EMPTY_BODY = YES;
				CLANG_WARN_ENUM_CONVERSION = YES;
				CLANG_WARN_INT_CONVERSION = YES;
				CLANG_WARN_OBJC_ROOT_CLASS = YES_ERROR;
				CLANG_WARN_UNREACHABLE_CODE = YES;
				CLANG_WARN__DUPLICATE_METHOD_MATCH = YES;
				"CODE_SIGN_IDENTITY[sdk=iphoneos*]" = "iPhone Developer";
				COPY_PHASE_STRIP = NO;
				DEBUG_INFORMATION_FORMAT = "dwarf-with-dsym";
				ENABLE_NS_ASSERTIONS = NO;
				ENABLE_STRICT_OBJC_MSGSEND = YES;
				GCC_C_LANGUAGE_STANDARD = gnu99;
				GCC_NO_COMMON_BLOCKS = YES;
				GCC_WARN_64_TO_32_BIT_CONVERSION = YES;
				GCC_WARN_ABOUT_RETURN_TYPE = YES_ERROR;
				GCC_WARN_UNDECLARED_SELECTOR = YES;
				GCC_WARN_UNINITIALIZED_AUTOS = YES_AGGRESSIVE;
				GCC_WARN_UNUSED_FUNCTION = YES;
				GCC_WARN_UNUSED_VARIABLE = YES;
				IPHONEOS_DEPLOYMENT_TARGET = 8.4;
				MTL_ENABLE_DEBUG_INFO = NO;
				SDKROOT = iphoneos;
				TARGETED_DEVICE_FAMILY = "1,2";
				VALIDATE_PRODUCT = YES;
			};
			name = Release;
		};
		9F5F7BF91B8207C100691338 /* Debug */ = {
			isa = XCBuildConfiguration;
			buildSettings = {
				ASSETCATALOG_COMPILER_APPICON_NAME = AppIcon;
				INFOPLIST_FILE = "Contractor Co-pilot/Info.plist";
				IPHONEOS_DEPLOYMENT_TARGET = 8.4;
				LD_RUNPATH_SEARCH_PATHS = "$(inherited) @executable_path/Frameworks";
				PRODUCT_NAME = "$(TARGET_NAME)";
				TARGETED_DEVICE_FAMILY = 1;
			};
			name = Debug;
		};
		9F5F7BFA1B8207C100691338 /* Release */ = {
			isa = XCBuildConfiguration;
			buildSettings = {
				ASSETCATALOG_COMPILER_APPICON_NAME = AppIcon;
				INFOPLIST_FILE = "Contractor Co-pilot/Info.plist";
				IPHONEOS_DEPLOYMENT_TARGET = 8.4;
				LD_RUNPATH_SEARCH_PATHS = "$(inherited) @executable_path/Frameworks";
				PRODUCT_NAME = "$(TARGET_NAME)";
				TARGETED_DEVICE_FAMILY = 1;
			};
			name = Release;
		};
		9F5F7BFC1B8207C100691338 /* Debug */ = {
			isa = XCBuildConfiguration;
			buildSettings = {
				BUNDLE_LOADER = "$(TEST_HOST)";
				FRAMEWORK_SEARCH_PATHS = (
					"$(SDKROOT)/Developer/Library/Frameworks",
					"$(inherited)",
				);
				GCC_PREPROCESSOR_DEFINITIONS = (
					"DEBUG=1",
					"$(inherited)",
				);
				INFOPLIST_FILE = "Contractor Co-pilotTests/Info.plist";
				LD_RUNPATH_SEARCH_PATHS = "$(inherited) @executable_path/Frameworks @loader_path/Frameworks";
				PRODUCT_NAME = "$(TARGET_NAME)";
				TEST_HOST = "$(BUILT_PRODUCTS_DIR)/Contractor Co-pilot.app/Contractor Co-pilot";
			};
			name = Debug;
		};
		9F5F7BFD1B8207C100691338 /* Release */ = {
			isa = XCBuildConfiguration;
			buildSettings = {
				BUNDLE_LOADER = "$(TEST_HOST)";
				FRAMEWORK_SEARCH_PATHS = (
					"$(SDKROOT)/Developer/Library/Frameworks",
					"$(inherited)",
				);
				INFOPLIST_FILE = "Contractor Co-pilotTests/Info.plist";
				LD_RUNPATH_SEARCH_PATHS = "$(inherited) @executable_path/Frameworks @loader_path/Frameworks";
				PRODUCT_NAME = "$(TARGET_NAME)";
				TEST_HOST = "$(BUILT_PRODUCTS_DIR)/Contractor Co-pilot.app/Contractor Co-pilot";
			};
			name = Release;
		};
/* End XCBuildConfiguration section */

/* Begin XCConfigurationList section */
		9F5F7BCD1B8207C100691338 /* Build configuration list for PBXProject "Contractor Co-pilot" */ = {
			isa = XCConfigurationList;
			buildConfigurations = (
				9F5F7BF61B8207C100691338 /* Debug */,
				9F5F7BF71B8207C100691338 /* Release */,
			);
			defaultConfigurationIsVisible = 0;
			defaultConfigurationName = Release;
		};
		9F5F7BF81B8207C100691338 /* Build configuration list for PBXNativeTarget "Contractor Co-pilot" */ = {
			isa = XCConfigurationList;
			buildConfigurations = (
				9F5F7BF91B8207C100691338 /* Debug */,
				9F5F7BFA1B8207C100691338 /* Release */,
			);
			defaultConfigurationIsVisible = 0;
			defaultConfigurationName = Release;
		};
		9F5F7BFB1B8207C100691338 /* Build configuration list for PBXNativeTarget "Contractor Co-pilotTests" */ = {
			isa = XCConfigurationList;
			buildConfigurations = (
				9F5F7BFC1B8207C100691338 /* Debug */,
				9F5F7BFD1B8207C100691338 /* Release */,
			);
			defaultConfigurationIsVisible = 0;
			defaultConfigurationName = Release;
		};
/* End XCConfigurationList section */

/* Begin XCVersionGroup section */
		9F5F7BDC1B8207C100691338 /* Contractor_Co_pilot.xcdatamodeld */ = {
			isa = XCVersionGroup;
			children = (
				9F5F7BDD1B8207C100691338 /* Contractor_Co_pilot.xcdatamodel */,
			);
			currentVersion = 9F5F7BDD1B8207C100691338 /* Contractor_Co_pilot.xcdatamodel */;
			path = Contractor_Co_pilot.xcdatamodeld;
			sourceTree = "<group>";
			versionGroupType = wrapper.xcdatamodel;
		};
/* End XCVersionGroup section */
	};
	rootObject = 9F5F7BCA1B8207C100691338 /* Project object */;
}
